
Microsoft Visual Studio Solution File, Format Version 12.00
# Visual Studio Version 16
VisualStudioVersion = 16.0.30011.22
MinimumVisualStudioVersion = 10.0.40219.1
Project("{FAE04EC0-301F-11D3-BF4B-00C04F79EFBC}") = "Awesome.FeedParser", "Awesome.FeedParser\Awesome.FeedParser.csproj", "{050ED789-C6AE-4A34-81A3-87CD851B8D0D}"
EndProject
Project("{FAE04EC0-301F-11D3-BF4B-00C04F79EFBC}") = "Tests", "Tests\Tests.csproj", "{96A53BF3-FA2D-4882-AF07-5DFB23D31FBB}"
EndProject
Global
	GlobalSection(SolutionConfigurationPlatforms) = preSolution
		Debug|Any CPU = Debug|Any CPU
		Release|Any CPU = Release|Any CPU
	EndGlobalSection
	GlobalSection(ProjectConfigurationPlatforms) = postSolution
		{050ED789-C6AE-4A34-81A3-87CD851B8D0D}.Debug|Any CPU.ActiveCfg = Debug|Any CPU
		{050ED789-C6AE-4A34-81A3-87CD851B8D0D}.Debug|Any CPU.Build.0 = Debug|Any CPU
		{050ED789-C6AE-4A34-81A3-87CD851B8D0D}.Release|Any CPU.ActiveCfg = Release|Any CPU
		{050ED789-C6AE-4A34-81A3-87CD851B8D0D}.Release|Any CPU.Build.0 = Release|Any CPU
		{96A53BF3-FA2D-4882-AF07-5DFB23D31FBB}.Debug|Any CPU.ActiveCfg = Debug|Any CPU
		{96A53BF3-FA2D-4882-AF07-5DFB23D31FBB}.Debug|Any CPU.Build.0 = Debug|Any CPU
		{96A53BF3-FA2D-4882-AF07-5DFB23D31FBB}.Release|Any CPU.ActiveCfg = Release|Any CPU
		{96A53BF3-FA2D-4882-AF07-5DFB23D31FBB}.Release|Any CPU.Build.0 = Release|Any CPU
	EndGlobalSection
	GlobalSection(SolutionProperties) = preSolution
		HideSolutionNode = FALSE
	EndGlobalSection
	GlobalSection(ExtensibilityGlobals) = postSolution
		SolutionGuid = {0F221A80-53CE-4D15-A223-1BA3ECEE3D40}
	EndGlobalSection
EndGlobal
